
Microsoft Visual Studio Solution File, Format Version 12.00
# Visual Studio 14
VisualStudioVersion = 14.0.25420.1
MinimumVisualStudioVersion = 10.0.40219.1
Project("{FAE04EC0-301F-11D3-BF4B-00C04F79EFBC}") = "Cake.EventLog", "Cake.EventLog\Cake.EventLog.csproj", "{36980FDF-622A-446E-9E28-056219F10C2E}"
EndProject
Project("{2150E333-8FDC-42A3-9474-1A3956D46DE8}") = "Solution Items", "Solution Items", "{2A26A99B-618A-486A-B942-2BC7096A1155}"
	ProjectSection(SolutionItems) = preProject
		..\build.cake = ..\build.cake
		..\README.md = ..\README.md
		..\ReleaseNotes.md = ..\ReleaseNotes.md
		..\usage.cake = ..\usage.cake
	EndProjectSection
EndProject
Global
	GlobalSection(SolutionConfigurationPlatforms) = preSolution
		Debug|Any CPU = Debug|Any CPU
		Release|Any CPU = Release|Any CPU
	EndGlobalSection
	GlobalSection(ProjectConfigurationPlatforms) = postSolution
		{36980FDF-622A-446E-9E28-056219F10C2E}.Debug|Any CPU.ActiveCfg = Debug|Any CPU
		{36980FDF-622A-446E-9E28-056219F10C2E}.Debug|Any CPU.Build.0 = Debug|Any CPU
		{36980FDF-622A-446E-9E28-056219F10C2E}.Release|Any CPU.ActiveCfg = Release|Any CPU
		{36980FDF-622A-446E-9E28-056219F10C2E}.Release|Any CPU.Build.0 = Release|Any CPU
	EndGlobalSection
	GlobalSection(SolutionProperties) = preSolution
		HideSolutionNode = FALSE
	EndGlobalSection
EndGlobal
